// !$*UTF8*$!
{
	archiveVersion = 1;
	classes = {
	};
	objectVersion = 50;
	objects = {

/* Begin PBXBuildFile section */
		37DA0F8B25D4252A003CFB66 /* AppDelegate.swift in Sources */ = {isa = PBXBuildFile; fileRef = 37DA0F8A25D4252A003CFB66 /* AppDelegate.swift */; };
		37DA0F8D25D4252A003CFB66 /* SceneDelegate.swift in Sources */ = {isa = PBXBuildFile; fileRef = 37DA0F8C25D4252A003CFB66 /* SceneDelegate.swift */; };
		37DA0F8F25D4252A003CFB66 /* ContentView.swift in Sources */ = {isa = PBXBuildFile; fileRef = 37DA0F8E25D4252A003CFB66 /* ContentView.swift */; };
		37DA0F9225D4252A003CFB66 /* hodie.xcdatamodeld in Sources */ = {isa = PBXBuildFile; fileRef = 37DA0F9025D4252A003CFB66 /* hodie.xcdatamodeld */; };
		37DA0F9425D4252B003CFB66 /* Assets.xcassets in Resources */ = {isa = PBXBuildFile; fileRef = 37DA0F9325D4252B003CFB66 /* Assets.xcassets */; };
		37DA0F9725D4252B003CFB66 /* Preview Assets.xcassets in Resources */ = {isa = PBXBuildFile; fileRef = 37DA0F9625D4252B003CFB66 /* Preview Assets.xcassets */; };
		37DA0F9A25D4252B003CFB66 /* LaunchScreen.storyboard in Resources */ = {isa = PBXBuildFile; fileRef = 37DA0F9825D4252B003CFB66 /* LaunchScreen.storyboard */; };
		37DA0FD125D5250F003CFB66 /* TodoTask.swift in Sources */ = {isa = PBXBuildFile; fileRef = 37DA0FD025D5250F003CFB66 /* TodoTask.swift */; };
		37DA0FD425D5251C003CFB66 /* Scheduler.swift in Sources */ = {isa = PBXBuildFile; fileRef = 37DA0FD325D5251C003CFB66 /* Scheduler.swift */; };
		37DA0FD825D65CBD003CFB66 /* SerializableColor.swift in Sources */ = {isa = PBXBuildFile; fileRef = 37DA0FD725D65CBD003CFB66 /* SerializableColor.swift */; };
/* End PBXBuildFile section */

/* Begin PBXFileReference section */
		37DA0F8725D4252A003CFB66 /* Hodie.app */ = {isa = PBXFileReference; explicitFileType = wrapper.application; includeInIndex = 0; path = Hodie.app; sourceTree = BUILT_PRODUCTS_DIR; };
		37DA0F8A25D4252A003CFB66 /* AppDelegate.swift */ = {isa = PBXFileReference; lastKnownFileType = sourcecode.swift; path = AppDelegate.swift; sourceTree = "<group>"; };
		37DA0F8C25D4252A003CFB66 /* SceneDelegate.swift */ = {isa = PBXFileReference; lastKnownFileType = sourcecode.swift; path = SceneDelegate.swift; sourceTree = "<group>"; };
		37DA0F8E25D4252A003CFB66 /* ContentView.swift */ = {isa = PBXFileReference; lastKnownFileType = sourcecode.swift; path = ContentView.swift; sourceTree = "<group>"; };
		37DA0F9125D4252A003CFB66 /* hodie.xcdatamodel */ = {isa = PBXFileReference; lastKnownFileType = wrapper.xcdatamodel; path = hodie.xcdatamodel; sourceTree = "<group>"; };
		37DA0F9325D4252B003CFB66 /* Assets.xcassets */ = {isa = PBXFileReference; lastKnownFileType = folder.assetcatalog; path = Assets.xcassets; sourceTree = "<group>"; };
		37DA0F9625D4252B003CFB66 /* Preview Assets.xcassets */ = {isa = PBXFileReference; lastKnownFileType = folder.assetcatalog; path = "Preview Assets.xcassets"; sourceTree = "<group>"; };
		37DA0F9925D4252B003CFB66 /* Base */ = {isa = PBXFileReference; lastKnownFileType = file.storyboard; name = Base; path = Base.lproj/LaunchScreen.storyboard; sourceTree = "<group>"; };
		37DA0F9B25D4252B003CFB66 /* Info.plist */ = {isa = PBXFileReference; lastKnownFileType = text.plist.xml; path = Info.plist; sourceTree = "<group>"; };
		37DA0FD025D5250F003CFB66 /* TodoTask.swift */ = {isa = PBXFileReference; lastKnownFileType = sourcecode.swift; path = TodoTask.swift; sourceTree = "<group>"; };
		37DA0FD325D5251C003CFB66 /* Scheduler.swift */ = {isa = PBXFileReference; lastKnownFileType = sourcecode.swift; path = Scheduler.swift; sourceTree = "<group>"; };
		37DA0FD725D65CBD003CFB66 /* SerializableColor.swift */ = {isa = PBXFileReference; lastKnownFileType = sourcecode.swift; path = SerializableColor.swift; sourceTree = "<group>"; };
/* End PBXFileReference section */

/* Begin PBXFrameworksBuildPhase section */
		37DA0F8425D4252A003CFB66 /* Frameworks */ = {
			isa = PBXFrameworksBuildPhase;
			buildActionMask = 2147483647;
			files = (
			);
			runOnlyForDeploymentPostprocessing = 0;
		};
/* End PBXFrameworksBuildPhase section */

/* Begin PBXGroup section */
		37DA0F7E25D4252A003CFB66 = {
			isa = PBXGroup;
			children = (
				37DA0F8925D4252A003CFB66 /* Hodie */,
				37DA0F8825D4252A003CFB66 /* Products */,
			);
			sourceTree = "<group>";
		};
		37DA0F8825D4252A003CFB66 /* Products */ = {
			isa = PBXGroup;
			children = (
				37DA0F8725D4252A003CFB66 /* Hodie.app */,
			);
			name = Products;
			sourceTree = "<group>";
		};
		37DA0F8925D4252A003CFB66 /* Hodie */ = {
			isa = PBXGroup;
			children = (
				37DA0F8A25D4252A003CFB66 /* AppDelegate.swift */,
				37DA0F8C25D4252A003CFB66 /* SceneDelegate.swift */,
				37DA0F8E25D4252A003CFB66 /* ContentView.swift */,
				37DA0F9325D4252B003CFB66 /* Assets.xcassets */,
				37DA0F9825D4252B003CFB66 /* LaunchScreen.storyboard */,
				37DA0F9B25D4252B003CFB66 /* Info.plist */,
				37DA0F9025D4252A003CFB66 /* hodie.xcdatamodeld */,
				37DA0FD725D65CBD003CFB66 /* SerializableColor.swift */,
				37DA0F9525D4252B003CFB66 /* Preview Content */,
				37DA0FD025D5250F003CFB66 /* TodoTask.swift */,
				37DA0FD325D5251C003CFB66 /* Scheduler.swift */,
			);
			path = Hodie;
			sourceTree = "<group>";
		};
		37DA0F9525D4252B003CFB66 /* Preview Content */ = {
			isa = PBXGroup;
			children = (
				37DA0F9625D4252B003CFB66 /* Preview Assets.xcassets */,
			);
			path = "Preview Content";
			sourceTree = "<group>";
		};
/* End PBXGroup section */

/* Begin PBXNativeTarget section */
		37DA0F8625D4252A003CFB66 /* Hodie */ = {
			isa = PBXNativeTarget;
			buildConfigurationList = 37DA0F9E25D4252B003CFB66 /* Build configuration list for PBXNativeTarget "Hodie" */;
			buildPhases = (
				37DA0F8325D4252A003CFB66 /* Sources */,
				37DA0F8425D4252A003CFB66 /* Frameworks */,
				37DA0F8525D4252A003CFB66 /* Resources */,
			);
			buildRules = (
			);
			dependencies = (
			);
			name = Hodie;
			productName = hodie;
			productReference = 37DA0F8725D4252A003CFB66 /* Hodie.app */;
			productType = "com.apple.product-type.application";
		};
/* End PBXNativeTarget section */

/* Begin PBXProject section */
		37DA0F7F25D4252A003CFB66 /* Project object */ = {
			isa = PBXProject;
			attributes = {
				LastSwiftUpdateCheck = 1230;
				LastUpgradeCheck = 1230;
				TargetAttributes = {
					37DA0F8625D4252A003CFB66 = {
						CreatedOnToolsVersion = 12.3;
					};
				};
			};
			buildConfigurationList = 37DA0F8225D4252A003CFB66 /* Build configuration list for PBXProject "Hodie" */;
			compatibilityVersion = "Xcode 9.3";
			developmentRegion = en;
			hasScannedForEncodings = 0;
			knownRegions = (
				en,
				Base,
			);
			mainGroup = 37DA0F7E25D4252A003CFB66;
			productRefGroup = 37DA0F8825D4252A003CFB66 /* Products */;
			projectDirPath = "";
			projectRoot = "";
			targets = (
				37DA0F8625D4252A003CFB66 /* Hodie */,
			);
		};
/* End PBXProject section */

/* Begin PBXResourcesBuildPhase section */
		37DA0F8525D4252A003CFB66 /* Resources */ = {
			isa = PBXResourcesBuildPhase;
			buildActionMask = 2147483647;
			files = (
				37DA0F9A25D4252B003CFB66 /* LaunchScreen.storyboard in Resources */,
				37DA0F9725D4252B003CFB66 /* Preview Assets.xcassets in Resources */,
				37DA0F9425D4252B003CFB66 /* Assets.xcassets in Resources */,
			);
			runOnlyForDeploymentPostprocessing = 0;
		};
/* End PBXResourcesBuildPhase section */

/* Begin PBXSourcesBuildPhase section */
		37DA0F8325D4252A003CFB66 /* Sources */ = {
			isa = PBXSourcesBuildPhase;
			buildActionMask = 2147483647;
			files = (
				37DA0FD825D65CBD003CFB66 /* SerializableColor.swift in Sources */,
				37DA0F8B25D4252A003CFB66 /* AppDelegate.swift in Sources */,
				37DA0F8D25D4252A003CFB66 /* SceneDelegate.swift in Sources */,
				37DA0FD125D5250F003CFB66 /* TodoTask.swift in Sources */,
				37DA0FD425D5251C003CFB66 /* Scheduler.swift in Sources */,
				37DA0F8F25D4252A003CFB66 /* ContentView.swift in Sources */,
				37DA0F9225D4252A003CFB66 /* hodie.xcdatamodeld in Sources */,
			);
			runOnlyForDeploymentPostprocessing = 0;
		};
/* End PBXSourcesBuildPhase section */

/* Begin PBXVariantGroup section */
		37DA0F9825D4252B003CFB66 /* LaunchScreen.storyboard */ = {
			isa = PBXVariantGroup;
			children = (
				37DA0F9925D4252B003CFB66 /* Base */,
			);
			name = LaunchScreen.storyboard;
			sourceTree = "<group>";
		};
/* End PBXVariantGroup section */

/* Begin XCBuildConfiguration section */
		37DA0F9C25D4252B003CFB66 /* Debug */ = {
			isa = XCBuildConfiguration;
			buildSettings = {
				ALWAYS_SEARCH_USER_PATHS = NO;
				CLANG_ANALYZER_NONNULL = YES;
				CLANG_ANALYZER_NUMBER_OBJECT_CONVERSION = YES_AGGRESSIVE;
				CLANG_CXX_LANGUAGE_STANDARD = "gnu++14";
				CLANG_CXX_LIBRARY = "libc++";
				CLANG_ENABLE_MODULES = YES;
				CLANG_ENABLE_OBJC_ARC = YES;
				CLANG_ENABLE_OBJC_WEAK = YES;
				CLANG_WARN_BLOCK_CAPTURE_AUTORELEASING = YES;
				CLANG_WARN_BOOL_CONVERSION = YES;
				CLANG_WARN_COMMA = YES;
				CLANG_WARN_CONSTANT_CONVERSION = YES;
				CLANG_WARN_DEPRECATED_OBJC_IMPLEMENTATIONS = YES;
				CLANG_WARN_DIRECT_OBJC_ISA_USAGE = YES_ERROR;
				CLANG_WARN_DOCUMENTATION_COMMENTS = YES;
				CLANG_WARN_EMPTY_BODY = YES;
				CLANG_WARN_ENUM_CONVERSION = YES;
				CLANG_WARN_INFINITE_RECURSION = YES;
				CLANG_WARN_INT_CONVERSION = YES;
				CLANG_WARN_NON_LITERAL_NULL_CONVERSION = YES;
				CLANG_WARN_OBJC_IMPLICIT_RETAIN_SELF = YES;
				CLANG_WARN_OBJC_LITERAL_CONVERSION = YES;
				CLANG_WARN_OBJC_ROOT_CLASS = YES_ERROR;
				CLANG_WARN_QUOTED_INCLUDE_IN_FRAMEWORK_HEADER = YES;
				CLANG_WARN_RANGE_LOOP_ANALYSIS = YES;
				CLANG_WARN_STRICT_PROTOTYPES = YES;
				CLANG_WARN_SUSPICIOUS_MOVE = YES;
				CLANG_WARN_UNGUARDED_AVAILABILITY = YES_AGGRESSIVE;
				CLANG_WARN_UNREACHABLE_CODE = YES;
				CLANG_WARN__DUPLICATE_METHOD_MATCH = YES;
				COPY_PHASE_STRIP = NO;
				DEBUG_INFORMATION_FORMAT = dwarf;
				ENABLE_STRICT_OBJC_MSGSEND = YES;
				ENABLE_TESTABILITY = YES;
				GCC_C_LANGUAGE_STANDARD = gnu11;
				GCC_DYNAMIC_NO_PIC = NO;
				GCC_NO_COMMON_BLOCKS = YES;
				GCC_OPTIMIZATION_LEVEL = 0;
				GCC_PREPROCESSOR_DEFINITIONS = (
					"DEBUG=1",
					"$(inherited)",
				);
				GCC_WARN_64_TO_32_BIT_CONVERSION = YES;
				GCC_WARN_ABOUT_RETURN_TYPE = YES_ERROR;
				GCC_WARN_UNDECLARED_SELECTOR = YES;
				GCC_WARN_UNINITIALIZED_AUTOS = YES_AGGRESSIVE;
				GCC_WARN_UNUSED_FUNCTION = YES;
				GCC_WARN_UNUSED_VARIABLE = YES;
				IPHONEOS_DEPLOYMENT_TARGET = 14.3;
				MTL_ENABLE_DEBUG_INFO = INCLUDE_SOURCE;
				MTL_FAST_MATH = YES;
				ONLY_ACTIVE_ARCH = YES;
				SDKROOT = iphoneos;
				SWIFT_ACTIVE_COMPILATION_CONDITIONS = DEBUG;
				SWIFT_OPTIMIZATION_LEVEL = "-Onone";
			};
			name = Debug;
		};
		37DA0F9D25D4252B003CFB66 /* Release */ = {
			isa = XCBuildConfiguration;
			buildSettings = {
				ALWAYS_SEARCH_USER_PATHS = NO;
				CLANG_ANALYZER_NONNULL = YES;
				CLANG_ANALYZER_NUMBER_OBJECT_CONVERSION = YES_AGGRESSIVE;
				CLANG_CXX_LANGUAGE_STANDARD = "gnu++14";
				CLANG_CXX_LIBRARY = "libc++";
				CLANG_ENABLE_MODULES = YES;
				CLANG_ENABLE_OBJC_ARC = YES;
				CLANG_ENABLE_OBJC_WEAK = YES;
				CLANG_WARN_BLOCK_CAPTURE_AUTORELEASING = YES;
				CLANG_WARN_BOOL_CONVERSION = YES;
				CLANG_WARN_COMMA = YES;
				CLANG_WARN_CONSTANT_CONVERSION = YES;
				CLANG_WARN_DEPRECATED_OBJC_IMPLEMENTATIONS = YES;
				CLANG_WARN_DIRECT_OBJC_ISA_USAGE = YES_ERROR;
				CLANG_WARN_DOCUMENTATION_COMMENTS = YES;
				CLANG_WARN_EMPTY_BODY = YES;
				CLANG_WARN_ENUM_CONVERSION = YES;
				CLANG_WARN_INFINITE_RECURSION = YES;
				CLANG_WARN_INT_CONVERSION = YES;
				CLANG_WARN_NON_LITERAL_NULL_CONVERSION = YES;
				CLANG_WARN_OBJC_IMPLICIT_RETAIN_SELF = YES;
				CLANG_WARN_OBJC_LITERAL_CONVERSION = YES;
				CLANG_WARN_OBJC_ROOT_CLASS = YES_ERROR;
				CLANG_WARN_QUOTED_INCLUDE_IN_FRAMEWORK_HEADER = YES;
				CLANG_WARN_RANGE_LOOP_ANALYSIS = YES;
				CLANG_WARN_STRICT_PROTOTYPES = YES;
				CLANG_WARN_SUSPICIOUS_MOVE = YES;
				CLANG_WARN_UNGUARDED_AVAILABILITY = YES_AGGRESSIVE;
				CLANG_WARN_UNREACHABLE_CODE = YES;
				CLANG_WARN__DUPLICATE_METHOD_MATCH = YES;
				COPY_PHASE_STRIP = NO;
				DEBUG_INFORMATION_FORMAT = "dwarf-with-dsym";
				ENABLE_NS_ASSERTIONS = NO;
				ENABLE_STRICT_OBJC_MSGSEND = YES;
				GCC_C_LANGUAGE_STANDARD = gnu11;
				GCC_NO_COMMON_BLOCKS = YES;
				GCC_WARN_64_TO_32_BIT_CONVERSION = YES;
				GCC_WARN_ABOUT_RETURN_TYPE = YES_ERROR;
				GCC_WARN_UNDECLARED_SELECTOR = YES;
				GCC_WARN_UNINITIALIZED_AUTOS = YES_AGGRESSIVE;
				GCC_WARN_UNUSED_FUNCTION = YES;
				GCC_WARN_UNUSED_VARIABLE = YES;
				IPHONEOS_DEPLOYMENT_TARGET = 14.3;
				MTL_ENABLE_DEBUG_INFO = NO;
				MTL_FAST_MATH = YES;
				SDKROOT = iphoneos;
				SWIFT_COMPILATION_MODE = wholemodule;
				SWIFT_OPTIMIZATION_LEVEL = "-O";
				VALIDATE_PRODUCT = YES;
			};
			name = Release;
		};
		37DA0F9F25D4252B003CFB66 /* Debug */ = {
			isa = XCBuildConfiguration;
			buildSettings = {
				ASSETCATALOG_COMPILER_APPICON_NAME = AppIcon;
				ASSETCATALOG_COMPILER_GLOBAL_ACCENT_COLOR_NAME = AccentColor;
				CODE_SIGN_STYLE = Automatic;
				DEVELOPMENT_ASSET_PATHS = "\"hodie/Preview Content\"";
				DEVELOPMENT_TEAM = 6YNXK75768;
				ENABLE_PREVIEWS = YES;
				INFOPLIST_FILE = hodie/Info.plist;
				LD_RUNPATH_SEARCH_PATHS = (
					"$(inherited)",
					"@executable_path/Frameworks",
				);
				PRODUCT_BUNDLE_IDENTIFIER = edu.wilybear.hodie;
				PRODUCT_NAME = "$(TARGET_NAME)";
				SWIFT_VERSION = 5.0;
				TARGETED_DEVICE_FAMILY = "1,2";
			};
			name = Debug;
		};
		37DA0FA025D4252B003CFB66 /* Release */ = {
			isa = XCBuildConfiguration;
			buildSettings = {
				ASSETCATALOG_COMPILER_APPICON_NAME = AppIcon;
				ASSETCATALOG_COMPILER_GLOBAL_ACCENT_COLOR_NAME = AccentColor;
				CODE_SIGN_STYLE = Automatic;
				DEVELOPMENT_ASSET_PATHS = "\"hodie/Preview Content\"";
				DEVELOPMENT_TEAM = 6YNXK75768;
				ENABLE_PREVIEWS = YES;
				INFOPLIST_FILE = hodie/Info.plist;
				LD_RUNPATH_SEARCH_PATHS = (
					"$(inherited)",
					"@executable_path/Frameworks",
				);
				PRODUCT_BUNDLE_IDENTIFIER = edu.wilybear.hodie;
				PRODUCT_NAME = "$(TARGET_NAME)";
				SWIFT_VERSION = 5.0;
				TARGETED_DEVICE_FAMILY = "1,2";
			};
			name = Release;
		};
/* End XCBuildConfiguration section */

/* Begin XCConfigurationList section */
		37DA0F8225D4252A003CFB66 /* Build configuration list for PBXProject "Hodie" */ = {
			isa = XCConfigurationList;
			buildConfigurations = (
				37DA0F9C25D4252B003CFB66 /* Debug */,
				37DA0F9D25D4252B003CFB66 /* Release */,
			);
			defaultConfigurationIsVisible = 0;
			defaultConfigurationName = Release;
		};
		37DA0F9E25D4252B003CFB66 /* Build configuration list for PBXNativeTarget "Hodie" */ = {
			isa = XCConfigurationList;
			buildConfigurations = (
				37DA0F9F25D4252B003CFB66 /* Debug */,
				37DA0FA025D4252B003CFB66 /* Release */,
			);
			defaultConfigurationIsVisible = 0;
			defaultConfigurationName = Release;
		};
/* End XCConfigurationList section */

/* Begin XCVersionGroup section */
		37DA0F9025D4252A003CFB66 /* hodie.xcdatamodeld */ = {
			isa = XCVersionGroup;
			children = (
				37DA0F9125D4252A003CFB66 /* hodie.xcdatamodel */,
			);
			currentVersion = 37DA0F9125D4252A003CFB66 /* hodie.xcdatamodel */;
			path = hodie.xcdatamodeld;
			sourceTree = "<group>";
			versionGroupType = wrapper.xcdatamodel;
		};
/* End XCVersionGroup section */
	};
	rootObject = 37DA0F7F25D4252A003CFB66 /* Project object */;
}
