{
  "object": {
    "pins": [
      {
        "package": "ConcentricOnboarding",
        "repositoryURL": "https://github.com/exyte/ConcentricOnboarding.git",
        "state": {
          "branch": null,
          "revision": "8ec6051f638f7de72c629368014777ad1346d653",
          "version": "0.0.6"
        }
      },
      {
        "package": "HalfModal",
        "repositoryURL": "https://github.com/ViktorMaric/HalfModal",
        "state": {
          "branch": null,
          "revision": "621cbde96fe051805e359c75bb39183f46c234e4",
          "version": "1.0.0"
        }
      },
      {
        "package": "PartialSheet",
        "repositoryURL": "https://github.com/AndreaMiotto/PartialSheet",
        "state": {
          "branch": null,
          "revision": "936465232b6399e402e79d5b031622af9a5e9960",
          "version": "2.1.11"
        }
      }
    ]
  },
  "version": 1
}
